// !$*UTF8*$!
{
	archiveVersion = 1;
	classes = {
	};
	objectVersion = 46;
	objects = {

/* Begin PBXBuildFile section */
		162FF25F1CE75B9D00939860 /* AppDelegate.swift in Sources */ = {isa = PBXBuildFile; fileRef = 162FF25E1CE75B9D00939860 /* AppDelegate.swift */; };
		162FF2611CE75B9D00939860 /* ViewController.swift in Sources */ = {isa = PBXBuildFile; fileRef = 162FF2601CE75B9D00939860 /* ViewController.swift */; };
		162FF2641CE75B9D00939860 /* Main.storyboard in Resources */ = {isa = PBXBuildFile; fileRef = 162FF2621CE75B9D00939860 /* Main.storyboard */; };
		162FF2661CE75B9D00939860 /* Assets.xcassets in Resources */ = {isa = PBXBuildFile; fileRef = 162FF2651CE75B9D00939860 /* Assets.xcassets */; };
		162FF2691CE75B9D00939860 /* LaunchScreen.storyboard in Resources */ = {isa = PBXBuildFile; fileRef = 162FF2671CE75B9D00939860 /* LaunchScreen.storyboard */; };
		162FF2741CE75B9D00939860 /* playback_projectTests.swift in Sources */ = {isa = PBXBuildFile; fileRef = 162FF2731CE75B9D00939860 /* playback_projectTests.swift */; };
		162FF27F1CE75B9D00939860 /* playback_projectUITests.swift in Sources */ = {isa = PBXBuildFile; fileRef = 162FF27E1CE75B9D00939860 /* playback_projectUITests.swift */; };
/* End PBXBuildFile section */

/* Begin PBXContainerItemProxy section */
		162FF2701CE75B9D00939860 /* PBXContainerItemProxy */ = {
			isa = PBXContainerItemProxy;
			containerPortal = 162FF2531CE75B9D00939860 /* Project object */;
			proxyType = 1;
			remoteGlobalIDString = 162FF25A1CE75B9D00939860;
			remoteInfo = "playback-project";
		};
		162FF27B1CE75B9D00939860 /* PBXContainerItemProxy */ = {
			isa = PBXContainerItemProxy;
			containerPortal = 162FF2531CE75B9D00939860 /* Project object */;
			proxyType = 1;
			remoteGlobalIDString = 162FF25A1CE75B9D00939860;
			remoteInfo = "playback-project";
		};
/* End PBXContainerItemProxy section */

/* Begin PBXFileReference section */
		162FF25B1CE75B9D00939860 /* playback-project.app */ = {isa = PBXFileReference; explicitFileType = wrapper.application; includeInIndex = 0; path = "playback-project.app"; sourceTree = BUILT_PRODUCTS_DIR; };
		162FF25E1CE75B9D00939860 /* AppDelegate.swift */ = {isa = PBXFileReference; lastKnownFileType = sourcecode.swift; path = AppDelegate.swift; sourceTree = "<group>"; };
		162FF2601CE75B9D00939860 /* ViewController.swift */ = {isa = PBXFileReference; lastKnownFileType = sourcecode.swift; path = ViewController.swift; sourceTree = "<group>"; };
		162FF2631CE75B9D00939860 /* Base */ = {isa = PBXFileReference; lastKnownFileType = file.storyboard; name = Base; path = Base.lproj/Main.storyboard; sourceTree = "<group>"; };
		162FF2651CE75B9D00939860 /* Assets.xcassets */ = {isa = PBXFileReference; lastKnownFileType = folder.assetcatalog; path = Assets.xcassets; sourceTree = "<group>"; };
		162FF2681CE75B9D00939860 /* Base */ = {isa = PBXFileReference; lastKnownFileType = file.storyboard; name = Base; path = Base.lproj/LaunchScreen.storyboard; sourceTree = "<group>"; };
		162FF26A1CE75B9D00939860 /* Info.plist */ = {isa = PBXFileReference; lastKnownFileType = text.plist.xml; path = Info.plist; sourceTree = "<group>"; };
		162FF26F1CE75B9D00939860 /* playback-projectTests.xctest */ = {isa = PBXFileReference; explicitFileType = wrapper.cfbundle; includeInIndex = 0; path = "playback-projectTests.xctest"; sourceTree = BUILT_PRODUCTS_DIR; };
		162FF2731CE75B9D00939860 /* playback_projectTests.swift */ = {isa = PBXFileReference; lastKnownFileType = sourcecode.swift; path = playback_projectTests.swift; sourceTree = "<group>"; };
		162FF2751CE75B9D00939860 /* Info.plist */ = {isa = PBXFileReference; lastKnownFileType = text.plist.xml; path = Info.plist; sourceTree = "<group>"; };
		162FF27A1CE75B9D00939860 /* playback-projectUITests.xctest */ = {isa = PBXFileReference; explicitFileType = wrapper.cfbundle; includeInIndex = 0; path = "playback-projectUITests.xctest"; sourceTree = BUILT_PRODUCTS_DIR; };
		162FF27E1CE75B9D00939860 /* playback_projectUITests.swift */ = {isa = PBXFileReference; lastKnownFileType = sourcecode.swift; path = playback_projectUITests.swift; sourceTree = "<group>"; };
		162FF2801CE75B9D00939860 /* Info.plist */ = {isa = PBXFileReference; lastKnownFileType = text.plist.xml; path = Info.plist; sourceTree = "<group>"; };
/* End PBXFileReference section */

/* Begin PBXFrameworksBuildPhase section */
		162FF2581CE75B9D00939860 /* Frameworks */ = {
			isa = PBXFrameworksBuildPhase;
			buildActionMask = 2147483647;
			files = (
			);
			runOnlyForDeploymentPostprocessing = 0;
		};
		162FF26C1CE75B9D00939860 /* Frameworks */ = {
			isa = PBXFrameworksBuildPhase;
			buildActionMask = 2147483647;
			files = (
			);
			runOnlyForDeploymentPostprocessing = 0;
		};
		162FF2771CE75B9D00939860 /* Frameworks */ = {
			isa = PBXFrameworksBuildPhase;
			buildActionMask = 2147483647;
			files = (
			);
			runOnlyForDeploymentPostprocessing = 0;
		};
/* End PBXFrameworksBuildPhase section */

/* Begin PBXGroup section */
		162FF2521CE75B9D00939860 = {
			isa = PBXGroup;
			children = (
				162FF25D1CE75B9D00939860 /* playback-project */,
				162FF2721CE75B9D00939860 /* playback-projectTests */,
				162FF27D1CE75B9D00939860 /* playback-projectUITests */,
				162FF25C1CE75B9D00939860 /* Products */,
			);
			sourceTree = "<group>";
		};
		162FF25C1CE75B9D00939860 /* Products */ = {
			isa = PBXGroup;
			children = (
				162FF25B1CE75B9D00939860 /* playback-project.app */,
				162FF26F1CE75B9D00939860 /* playback-projectTests.xctest */,
				162FF27A1CE75B9D00939860 /* playback-projectUITests.xctest */,
			);
			name = Products;
			sourceTree = "<group>";
		};
		162FF25D1CE75B9D00939860 /* playback-project */ = {
			isa = PBXGroup;
			children = (
				162FF25E1CE75B9D00939860 /* AppDelegate.swift */,
				162FF2601CE75B9D00939860 /* ViewController.swift */,
				162FF2621CE75B9D00939860 /* Main.storyboard */,
				162FF2651CE75B9D00939860 /* Assets.xcassets */,
				162FF2671CE75B9D00939860 /* LaunchScreen.storyboard */,
				162FF26A1CE75B9D00939860 /* Info.plist */,
			);
			path = "playback-project";
			sourceTree = "<group>";
		};
		162FF2721CE75B9D00939860 /* playback-projectTests */ = {
			isa = PBXGroup;
			children = (
				162FF2731CE75B9D00939860 /* playback_projectTests.swift */,
				162FF2751CE75B9D00939860 /* Info.plist */,
			);
			path = "playback-projectTests";
			sourceTree = "<group>";
		};
		162FF27D1CE75B9D00939860 /* playback-projectUITests */ = {
			isa = PBXGroup;
			children = (
				162FF27E1CE75B9D00939860 /* playback_projectUITests.swift */,
				162FF2801CE75B9D00939860 /* Info.plist */,
			);
			path = "playback-projectUITests";
			sourceTree = "<group>";
		};
/* End PBXGroup section */

/* Begin PBXNativeTarget section */
		162FF25A1CE75B9D00939860 /* playback-project */ = {
			isa = PBXNativeTarget;
			buildConfigurationList = 162FF2831CE75B9D00939860 /* Build configuration list for PBXNativeTarget "playback-project" */;
			buildPhases = (
				162FF2571CE75B9D00939860 /* Sources */,
				162FF2581CE75B9D00939860 /* Frameworks */,
				162FF2591CE75B9D00939860 /* Resources */,
			);
			buildRules = (
			);
			dependencies = (
			);
			name = "playback-project";
			productName = "playback-project";
			productReference = 162FF25B1CE75B9D00939860 /* playback-project.app */;
			productType = "com.apple.product-type.application";
		};
		162FF26E1CE75B9D00939860 /* playback-projectTests */ = {
			isa = PBXNativeTarget;
			buildConfigurationList = 162FF2861CE75B9D00939860 /* Build configuration list for PBXNativeTarget "playback-projectTests" */;
			buildPhases = (
				162FF26B1CE75B9D00939860 /* Sources */,
				162FF26C1CE75B9D00939860 /* Frameworks */,
				162FF26D1CE75B9D00939860 /* Resources */,
			);
			buildRules = (
			);
			dependencies = (
				162FF2711CE75B9D00939860 /* PBXTargetDependency */,
			);
			name = "playback-projectTests";
			productName = "playback-projectTests";
			productReference = 162FF26F1CE75B9D00939860 /* playback-projectTests.xctest */;
			productType = "com.apple.product-type.bundle.unit-test";
		};
		162FF2791CE75B9D00939860 /* playback-projectUITests */ = {
			isa = PBXNativeTarget;
			buildConfigurationList = 162FF2891CE75B9D00939860 /* Build configuration list for PBXNativeTarget "playback-projectUITests" */;
			buildPhases = (
				162FF2761CE75B9D00939860 /* Sources */,
				162FF2771CE75B9D00939860 /* Frameworks */,
				162FF2781CE75B9D00939860 /* Resources */,
			);
			buildRules = (
			);
			dependencies = (
				162FF27C1CE75B9D00939860 /* PBXTargetDependency */,
			);
			name = "playback-projectUITests";
			productName = "playback-projectUITests";
			productReference = 162FF27A1CE75B9D00939860 /* playback-projectUITests.xctest */;
			productType = "com.apple.product-type.bundle.ui-testing";
		};
/* End PBXNativeTarget section */

/* Begin PBXProject section */
		162FF2531CE75B9D00939860 /* Project object */ = {
			isa = PBXProject;
			attributes = {
				LastSwiftUpdateCheck = 0730;
				LastUpgradeCheck = 0730;
				ORGANIZATIONNAME = "Jacob Parker";
				TargetAttributes = {
					162FF25A1CE75B9D00939860 = {
						CreatedOnToolsVersion = 7.3.1;
					};
					162FF26E1CE75B9D00939860 = {
						CreatedOnToolsVersion = 7.3.1;
						TestTargetID = 162FF25A1CE75B9D00939860;
					};
					162FF2791CE75B9D00939860 = {
						CreatedOnToolsVersion = 7.3.1;
						TestTargetID = 162FF25A1CE75B9D00939860;
					};
				};
			};
			buildConfigurationList = 162FF2561CE75B9D00939860 /* Build configuration list for PBXProject "playback-project" */;
			compatibilityVersion = "Xcode 3.2";
			developmentRegion = English;
			hasScannedForEncodings = 0;
			knownRegions = (
				en,
				Base,
			);
			mainGroup = 162FF2521CE75B9D00939860;
			productRefGroup = 162FF25C1CE75B9D00939860 /* Products */;
			projectDirPath = "";
			projectRoot = "";
			targets = (
				162FF25A1CE75B9D00939860 /* playback-project */,
				162FF26E1CE75B9D00939860 /* playback-projectTests */,
				162FF2791CE75B9D00939860 /* playback-projectUITests */,
			);
		};
/* End PBXProject section */

/* Begin PBXResourcesBuildPhase section */
		162FF2591CE75B9D00939860 /* Resources */ = {
			isa = PBXResourcesBuildPhase;
			buildActionMask = 2147483647;
			files = (
				162FF2691CE75B9D00939860 /* LaunchScreen.storyboard in Resources */,
				162FF2661CE75B9D00939860 /* Assets.xcassets in Resources */,
				162FF2641CE75B9D00939860 /* Main.storyboard in Resources */,
			);
			runOnlyForDeploymentPostprocessing = 0;
		};
		162FF26D1CE75B9D00939860 /* Resources */ = {
			isa = PBXResourcesBuildPhase;
			buildActionMask = 2147483647;
			files = (
			);
			runOnlyForDeploymentPostprocessing = 0;
		};
		162FF2781CE75B9D00939860 /* Resources */ = {
			isa = PBXResourcesBuildPhase;
			buildActionMask = 2147483647;
			files = (
			);
			runOnlyForDeploymentPostprocessing = 0;
		};
/* End PBXResourcesBuildPhase section */

/* Begin PBXSourcesBuildPhase section */
		162FF2571CE75B9D00939860 /* Sources */ = {
			isa = PBXSourcesBuildPhase;
			buildActionMask = 2147483647;
			files = (
				162FF2611CE75B9D00939860 /* ViewController.swift in Sources */,
				162FF25F1CE75B9D00939860 /* AppDelegate.swift in Sources */,
			);
			runOnlyForDeploymentPostprocessing = 0;
		};
		162FF26B1CE75B9D00939860 /* Sources */ = {
			isa = PBXSourcesBuildPhase;
			buildActionMask = 2147483647;
			files = (
				162FF2741CE75B9D00939860 /* playback_projectTests.swift in Sources */,
			);
			runOnlyForDeploymentPostprocessing = 0;
		};
		162FF2761CE75B9D00939860 /* Sources */ = {
			isa = PBXSourcesBuildPhase;
			buildActionMask = 2147483647;
			files = (
				162FF27F1CE75B9D00939860 /* playback_projectUITests.swift in Sources */,
			);
			runOnlyForDeploymentPostprocessing = 0;
		};
/* End PBXSourcesBuildPhase section */

/* Begin PBXTargetDependency section */
		162FF2711CE75B9D00939860 /* PBXTargetDependency */ = {
			isa = PBXTargetDependency;
			target = 162FF25A1CE75B9D00939860 /* playback-project */;
			targetProxy = 162FF2701CE75B9D00939860 /* PBXContainerItemProxy */;
		};
		162FF27C1CE75B9D00939860 /* PBXTargetDependency */ = {
			isa = PBXTargetDependency;
			target = 162FF25A1CE75B9D00939860 /* playback-project */;
			targetProxy = 162FF27B1CE75B9D00939860 /* PBXContainerItemProxy */;
		};
/* End PBXTargetDependency section */

/* Begin PBXVariantGroup section */
		162FF2621CE75B9D00939860 /* Main.storyboard */ = {
			isa = PBXVariantGroup;
			children = (
				162FF2631CE75B9D00939860 /* Base */,
			);
			name = Main.storyboard;
			sourceTree = "<group>";
		};
		162FF2671CE75B9D00939860 /* LaunchScreen.storyboard */ = {
			isa = PBXVariantGroup;
			children = (
				162FF2681CE75B9D00939860 /* Base */,
			);
			name = LaunchScreen.storyboard;
			sourceTree = "<group>";
		};
/* End PBXVariantGroup section */

/* Begin XCBuildConfiguration section */
		162FF2811CE75B9D00939860 /* Debug */ = {
			isa = XCBuildConfiguration;
			buildSettings = {
				ALWAYS_SEARCH_USER_PATHS = NO;
				CLANG_ANALYZER_NONNULL = YES;
				CLANG_CXX_LANGUAGE_STANDARD = "gnu++0x";
				CLANG_CXX_LIBRARY = "libc++";
				CLANG_ENABLE_MODULES = YES;
				CLANG_ENABLE_OBJC_ARC = YES;
				CLANG_WARN_BOOL_CONVERSION = YES;
				CLANG_WARN_CONSTANT_CONVERSION = YES;
				CLANG_WARN_DIRECT_OBJC_ISA_USAGE = YES_ERROR;
				CLANG_WARN_EMPTY_BODY = YES;
				CLANG_WARN_ENUM_CONVERSION = YES;
				CLANG_WARN_INT_CONVERSION = YES;
				CLANG_WARN_OBJC_ROOT_CLASS = YES_ERROR;
				CLANG_WARN_UNREACHABLE_CODE = YES;
				CLANG_WARN__DUPLICATE_METHOD_MATCH = YES;
				"CODE_SIGN_IDENTITY[sdk=iphoneos*]" = "iPhone Developer";
				COPY_PHASE_STRIP = NO;
				DEBUG_INFORMATION_FORMAT = dwarf;
				ENABLE_STRICT_OBJC_MSGSEND = YES;
				ENABLE_TESTABILITY = YES;
				GCC_C_LANGUAGE_STANDARD = gnu99;
				GCC_DYNAMIC_NO_PIC = NO;
				GCC_NO_COMMON_BLOCKS = YES;
				GCC_OPTIMIZATION_LEVEL = 0;
				GCC_PREPROCESSOR_DEFINITIONS = (
					"DEBUG=1",
					"$(inherited)",
				);
				GCC_WARN_64_TO_32_BIT_CONVERSION = YES;
				GCC_WARN_ABOUT_RETURN_TYPE = YES_ERROR;
				GCC_WARN_UNDECLARED_SELECTOR = YES;
				GCC_WARN_UNINITIALIZED_AUTOS = YES_AGGRESSIVE;
				GCC_WARN_UNUSED_FUNCTION = YES;
				GCC_WARN_UNUSED_VARIABLE = YES;
				IPHONEOS_DEPLOYMENT_TARGET = 9.3;
				MTL_ENABLE_DEBUG_INFO = YES;
				ONLY_ACTIVE_ARCH = YES;
				SDKROOT = iphoneos;
				SWIFT_OPTIMIZATION_LEVEL = "-Onone";
				TARGETED_DEVICE_FAMILY = "1,2";
			};
			name = Debug;
		};
		162FF2821CE75B9D00939860 /* Release */ = {
			isa = XCBuildConfiguration;
			buildSettings = {
				ALWAYS_SEARCH_USER_PATHS = NO;
				CLANG_ANALYZER_NONNULL = YES;
				CLANG_CXX_LANGUAGE_STANDARD = "gnu++0x";
				CLANG_CXX_LIBRARY = "libc++";
				CLANG_ENABLE_MODULES = YES;
				CLANG_ENABLE_OBJC_ARC = YES;
				CLANG_WARN_BOOL_CONVERSION = YES;
				CLANG_WARN_CONSTANT_CONVERSION = YES;
				CLANG_WARN_DIRECT_OBJC_ISA_USAGE = YES_ERROR;
				CLANG_WARN_EMPTY_BODY = YES;
				CLANG_WARN_ENUM_CONVERSION = YES;
				CLANG_WARN_INT_CONVERSION = YES;
				CLANG_WARN_OBJC_ROOT_CLASS = YES_ERROR;
				CLANG_WARN_UNREACHABLE_CODE = YES;
				CLANG_WARN__DUPLICATE_METHOD_MATCH = YES;
				"CODE_SIGN_IDENTITY[sdk=iphoneos*]" = "iPhone Developer";
				COPY_PHASE_STRIP = NO;
				DEBUG_INFORMATION_FORMAT = "dwarf-with-dsym";
				ENABLE_NS_ASSERTIONS = NO;
				ENABLE_STRICT_OBJC_MSGSEND = YES;
				GCC_C_LANGUAGE_STANDARD = gnu99;
				GCC_NO_COMMON_BLOCKS = YES;
				GCC_WARN_64_TO_32_BIT_CONVERSION = YES;
				GCC_WARN_ABOUT_RETURN_TYPE = YES_ERROR;
				GCC_WARN_UNDECLARED_SELECTOR = YES;
				GCC_WARN_UNINITIALIZED_AUTOS = YES_AGGRESSIVE;
				GCC_WARN_UNUSED_FUNCTION = YES;
				GCC_WARN_UNUSED_VARIABLE = YES;
				IPHONEOS_DEPLOYMENT_TARGET = 9.3;
				MTL_ENABLE_DEBUG_INFO = NO;
				SDKROOT = iphoneos;
				TARGETED_DEVICE_FAMILY = "1,2";
				VALIDATE_PRODUCT = YES;
			};
			name = Release;
		};
		162FF2841CE75B9D00939860 /* Debug */ = {
			isa = XCBuildConfiguration;
			buildSettings = {
				ASSETCATALOG_COMPILER_APPICON_NAME = AppIcon;
				INFOPLIST_FILE = "playback-project/Info.plist";
				LD_RUNPATH_SEARCH_PATHS = "$(inherited) @executable_path/Frameworks";
				PRODUCT_BUNDLE_IDENTIFIER = "jacob.playback-project";
				PRODUCT_NAME = "$(TARGET_NAME)";
			};
			name = Debug;
		};
		162FF2851CE75B9D00939860 /* Release */ = {
			isa = XCBuildConfiguration;
			buildSettings = {
				ASSETCATALOG_COMPILER_APPICON_NAME = AppIcon;
				INFOPLIST_FILE = "playback-project/Info.plist";
				LD_RUNPATH_SEARCH_PATHS = "$(inherited) @executable_path/Frameworks";
				PRODUCT_BUNDLE_IDENTIFIER = "jacob.playback-project";
				PRODUCT_NAME = "$(TARGET_NAME)";
			};
			name = Release;
		};
		162FF2871CE75B9D00939860 /* Debug */ = {
			isa = XCBuildConfiguration;
			buildSettings = {
				BUNDLE_LOADER = "$(TEST_HOST)";
				INFOPLIST_FILE = "playback-projectTests/Info.plist";
				LD_RUNPATH_SEARCH_PATHS = "$(inherited) @executable_path/Frameworks @loader_path/Frameworks";
				PRODUCT_BUNDLE_IDENTIFIER = "jacob.playback-projectTests";
				PRODUCT_NAME = "$(TARGET_NAME)";
				TEST_HOST = "$(BUILT_PRODUCTS_DIR)/playback-project.app/playback-project";
			};
			name = Debug;
		};
		162FF2881CE75B9D00939860 /* Release */ = {
			isa = XCBuildConfiguration;
			buildSettings = {
				BUNDLE_LOADER = "$(TEST_HOST)";
				INFOPLIST_FILE = "playback-projectTests/Info.plist";
				LD_RUNPATH_SEARCH_PATHS = "$(inherited) @executable_path/Frameworks @loader_path/Frameworks";
				PRODUCT_BUNDLE_IDENTIFIER = "jacob.playback-projectTests";
				PRODUCT_NAME = "$(TARGET_NAME)";
				TEST_HOST = "$(BUILT_PRODUCTS_DIR)/playback-project.app/playback-project";
			};
			name = Release;
		};
		162FF28A1CE75B9D00939860 /* Debug */ = {
			isa = XCBuildConfiguration;
			buildSettings = {
				INFOPLIST_FILE = "playback-projectUITests/Info.plist";
				LD_RUNPATH_SEARCH_PATHS = "$(inherited) @executable_path/Frameworks @loader_path/Frameworks";
				PRODUCT_BUNDLE_IDENTIFIER = "jacob.playback-projectUITests";
				PRODUCT_NAME = "$(TARGET_NAME)";
				TEST_TARGET_NAME = "playback-project";
			};
			name = Debug;
		};
		162FF28B1CE75B9D00939860 /* Release */ = {
			isa = XCBuildConfiguration;
			buildSettings = {
				INFOPLIST_FILE = "playback-projectUITests/Info.plist";
				LD_RUNPATH_SEARCH_PATHS = "$(inherited) @executable_path/Frameworks @loader_path/Frameworks";
				PRODUCT_BUNDLE_IDENTIFIER = "jacob.playback-projectUITests";
				PRODUCT_NAME = "$(TARGET_NAME)";
				TEST_TARGET_NAME = "playback-project";
			};
			name = Release;
		};
/* End XCBuildConfiguration section */

/* Begin XCConfigurationList section */
		162FF2561CE75B9D00939860 /* Build configuration list for PBXProject "playback-project" */ = {
			isa = XCConfigurationList;
			buildConfigurations = (
				162FF2811CE75B9D00939860 /* Debug */,
				162FF2821CE75B9D00939860 /* Release */,
			);
			defaultConfigurationIsVisible = 0;
			defaultConfigurationName = Release;
		};
		162FF2831CE75B9D00939860 /* Build configuration list for PBXNativeTarget "playback-project" */ = {
			isa = XCConfigurationList;
			buildConfigurations = (
				162FF2841CE75B9D00939860 /* Debug */,
				162FF2851CE75B9D00939860 /* Release */,
			);
			defaultConfigurationIsVisible = 0;
		};
		162FF2861CE75B9D00939860 /* Build configuration list for PBXNativeTarget "playback-projectTests" */ = {
			isa = XCConfigurationList;
			buildConfigurations = (
				162FF2871CE75B9D00939860 /* Debug */,
				162FF2881CE75B9D00939860 /* Release */,
			);
			defaultConfigurationIsVisible = 0;
		};
		162FF2891CE75B9D00939860 /* Build configuration list for PBXNativeTarget "playback-projectUITests" */ = {
			isa = XCConfigurationList;
			buildConfigurations = (
				162FF28A1CE75B9D00939860 /* Debug */,
				162FF28B1CE75B9D00939860 /* Release */,
			);
			defaultConfigurationIsVisible = 0;
		};
/* End XCConfigurationList section */
	};
	rootObject = 162FF2531CE75B9D00939860 /* Project object */;
}
