// !$*UTF8*$!
{
	archiveVersion = 1;
	classes = {
	};
	objectVersion = 46;
	objects = {

/* Begin PBXBuildFile section */
		161B26A71CE8BF9500EAD5FC /* SliderView.swift in Sources */ = {isa = PBXBuildFile; fileRef = 161B26A61CE8BF9400EAD5FC /* SliderView.swift */; };
		1621BCC31D009E23005D0427 /* MusicPlayer.swift in Sources */ = {isa = PBXBuildFile; fileRef = 1621BCC21D009E23005D0427 /* MusicPlayer.swift */; };
		1628F7E01CE887C400637A83 /* AVFoundation.framework in Frameworks */ = {isa = PBXBuildFile; fileRef = 1628F7DF1CE887C400637A83 /* AVFoundation.framework */; };
		162FF25F1CE75B9D00939860 /* AppDelegate.swift in Sources */ = {isa = PBXBuildFile; fileRef = 162FF25E1CE75B9D00939860 /* AppDelegate.swift */; };
		162FF2611CE75B9D00939860 /* ViewController.swift in Sources */ = {isa = PBXBuildFile; fileRef = 162FF2601CE75B9D00939860 /* ViewController.swift */; };
		162FF2641CE75B9D00939860 /* Main.storyboard in Resources */ = {isa = PBXBuildFile; fileRef = 162FF2621CE75B9D00939860 /* Main.storyboard */; };
		162FF2661CE75B9D00939860 /* Assets.xcassets in Resources */ = {isa = PBXBuildFile; fileRef = 162FF2651CE75B9D00939860 /* Assets.xcassets */; };
		162FF2691CE75B9D00939860 /* LaunchScreen.storyboard in Resources */ = {isa = PBXBuildFile; fileRef = 162FF2671CE75B9D00939860 /* LaunchScreen.storyboard */; };
		162FF2741CE75B9D00939860 /* playback_projectTests.swift in Sources */ = {isa = PBXBuildFile; fileRef = 162FF2731CE75B9D00939860 /* playback_projectTests.swift */; };
		162FF27F1CE75B9D00939860 /* playback_projectUITests.swift in Sources */ = {isa = PBXBuildFile; fileRef = 162FF27E1CE75B9D00939860 /* playback_projectUITests.swift */; };
		163376EB1D01F7CD00D56CB7 /* JumpListTableViewController.swift in Sources */ = {isa = PBXBuildFile; fileRef = 163376EA1D01F7CD00D56CB7 /* JumpListTableViewController.swift */; };
		163376ED1D0205EC00D56CB7 /* PickTimeViewController.swift in Sources */ = {isa = PBXBuildFile; fileRef = 163376EC1D0205EC00D56CB7 /* PickTimeViewController.swift */; };
		163376F01D021B4F00D56CB7 /* imperial-march.mp3 in Resources */ = {isa = PBXBuildFile; fileRef = 163376EE1D021B4F00D56CB7 /* imperial-march.mp3 */; };
		163376F11D021B4F00D56CB7 /* may-the-force-be-with-you.mp3 in Resources */ = {isa = PBXBuildFile; fileRef = 163376EF1D021B4F00D56CB7 /* may-the-force-be-with-you.mp3 */; };
		1639A83E1D0458D500DA6F63 /* Playlist+CoreDataProperties.swift in Sources */ = {isa = PBXBuildFile; fileRef = 1639A83D1D0458D500DA6F63 /* Playlist+CoreDataProperties.swift */; };
		164CC2431CECD6D70045FD77 /* PlaySlider.swift in Sources */ = {isa = PBXBuildFile; fileRef = 164CC2421CECD6D70045FD77 /* PlaySlider.swift */; };
		164F4E381D07386000995B74 /* LoopViewController.swift in Sources */ = {isa = PBXBuildFile; fileRef = 164F4E371D07386000995B74 /* LoopViewController.swift */; };
		164F4E3A1D073C9300995B74 /* DrawMixins.swift in Sources */ = {isa = PBXBuildFile; fileRef = 164F4E391D073C9300995B74 /* DrawMixins.swift */; };
		165246A21D041CAC009F72A4 /* DataModel.xcdatamodeld in Sources */ = {isa = PBXBuildFile; fileRef = 165246A01D041CAC009F72A4 /* DataModel.xcdatamodeld */; };
		165246AA1D0427CB009F72A4 /* MediaItem.swift in Sources */ = {isa = PBXBuildFile; fileRef = 165246A61D0427CB009F72A4 /* MediaItem.swift */; };
		165246AB1D0427CB009F72A4 /* JumplistItem+CoreDataProperties.swift in Sources */ = {isa = PBXBuildFile; fileRef = 165246A71D0427CB009F72A4 /* JumplistItem+CoreDataProperties.swift */; };
		165246AC1D0427CB009F72A4 /* JumplistItem.swift in Sources */ = {isa = PBXBuildFile; fileRef = 165246A81D0427CB009F72A4 /* JumplistItem.swift */; };
		165246B01D043A81009F72A4 /* Playlist.swift in Sources */ = {isa = PBXBuildFile; fileRef = 165246AE1D043A81009F72A4 /* Playlist.swift */; };
		165246F41D044E16009F72A4 /* MediaItem+CoreDataProperties.swift in Sources */ = {isa = PBXBuildFile; fileRef = 165246F31D044E16009F72A4 /* MediaItem+CoreDataProperties.swift */; };
		16628DF61D0303DA00E11FF9 /* MusicPlayerAudioFile.swift in Sources */ = {isa = PBXBuildFile; fileRef = 16628DF51D0303DA00E11FF9 /* MusicPlayerAudioFile.swift */; };
		166FD58E1CFE1F8800632C1F /* PlaylistTableViewController.swift in Sources */ = {isa = PBXBuildFile; fileRef = 166FD58D1CFE1F8800632C1F /* PlaylistTableViewController.swift */; };
		16C36FFE1CFF7691000D6DD3 /* DarkTabBarController.swift in Sources */ = {isa = PBXBuildFile; fileRef = 16C36FFD1CFF7691000D6DD3 /* DarkTabBarController.swift */; };
		16E65E671CF632F4002849BD /* ShapeButton.swift in Sources */ = {isa = PBXBuildFile; fileRef = 16E65E661CF632F4002849BD /* ShapeButton.swift */; };
		16E997B31CFCD4EA00C6CC12 /* PitchTempoViewController.swift in Sources */ = {isa = PBXBuildFile; fileRef = 16E997B21CFCD4EA00C6CC12 /* PitchTempoViewController.swift */; };
/* End PBXBuildFile section */

/* Begin PBXContainerItemProxy section */
		162FF2701CE75B9D00939860 /* PBXContainerItemProxy */ = {
			isa = PBXContainerItemProxy;
			containerPortal = 162FF2531CE75B9D00939860 /* Project object */;
			proxyType = 1;
			remoteGlobalIDString = 162FF25A1CE75B9D00939860;
			remoteInfo = "playback-project";
		};
		162FF27B1CE75B9D00939860 /* PBXContainerItemProxy */ = {
			isa = PBXContainerItemProxy;
			containerPortal = 162FF2531CE75B9D00939860 /* Project object */;
			proxyType = 1;
			remoteGlobalIDString = 162FF25A1CE75B9D00939860;
			remoteInfo = "playback-project";
		};
/* End PBXContainerItemProxy section */

/* Begin PBXFileReference section */
		161B26A61CE8BF9400EAD5FC /* SliderView.swift */ = {isa = PBXFileReference; fileEncoding = 4; lastKnownFileType = sourcecode.swift; path = SliderView.swift; sourceTree = "<group>"; };
		1621BCC21D009E23005D0427 /* MusicPlayer.swift */ = {isa = PBXFileReference; fileEncoding = 4; lastKnownFileType = sourcecode.swift; path = MusicPlayer.swift; sourceTree = "<group>"; };
		1628F7DF1CE887C400637A83 /* AVFoundation.framework */ = {isa = PBXFileReference; lastKnownFileType = wrapper.framework; name = AVFoundation.framework; path = System/Library/Frameworks/AVFoundation.framework; sourceTree = SDKROOT; };
		162FF25B1CE75B9D00939860 /* playback-project.app */ = {isa = PBXFileReference; explicitFileType = wrapper.application; includeInIndex = 0; path = "playback-project.app"; sourceTree = BUILT_PRODUCTS_DIR; };
		162FF25E1CE75B9D00939860 /* AppDelegate.swift */ = {isa = PBXFileReference; lastKnownFileType = sourcecode.swift; path = AppDelegate.swift; sourceTree = "<group>"; };
		162FF2601CE75B9D00939860 /* ViewController.swift */ = {isa = PBXFileReference; lastKnownFileType = sourcecode.swift; path = ViewController.swift; sourceTree = "<group>"; };
		162FF2631CE75B9D00939860 /* Base */ = {isa = PBXFileReference; lastKnownFileType = file.storyboard; name = Base; path = Base.lproj/Main.storyboard; sourceTree = "<group>"; };
		162FF2651CE75B9D00939860 /* Assets.xcassets */ = {isa = PBXFileReference; lastKnownFileType = folder.assetcatalog; path = Assets.xcassets; sourceTree = "<group>"; };
		162FF2681CE75B9D00939860 /* Base */ = {isa = PBXFileReference; lastKnownFileType = file.storyboard; name = Base; path = Base.lproj/LaunchScreen.storyboard; sourceTree = "<group>"; };
		162FF26A1CE75B9D00939860 /* Info.plist */ = {isa = PBXFileReference; lastKnownFileType = text.plist.xml; path = Info.plist; sourceTree = "<group>"; };
		162FF26F1CE75B9D00939860 /* playback-projectTests.xctest */ = {isa = PBXFileReference; explicitFileType = wrapper.cfbundle; includeInIndex = 0; path = "playback-projectTests.xctest"; sourceTree = BUILT_PRODUCTS_DIR; };
		162FF2731CE75B9D00939860 /* playback_projectTests.swift */ = {isa = PBXFileReference; lastKnownFileType = sourcecode.swift; path = playback_projectTests.swift; sourceTree = "<group>"; };
		162FF2751CE75B9D00939860 /* Info.plist */ = {isa = PBXFileReference; lastKnownFileType = text.plist.xml; path = Info.plist; sourceTree = "<group>"; };
		162FF27A1CE75B9D00939860 /* playback-projectUITests.xctest */ = {isa = PBXFileReference; explicitFileType = wrapper.cfbundle; includeInIndex = 0; path = "playback-projectUITests.xctest"; sourceTree = BUILT_PRODUCTS_DIR; };
		162FF27E1CE75B9D00939860 /* playback_projectUITests.swift */ = {isa = PBXFileReference; lastKnownFileType = sourcecode.swift; path = playback_projectUITests.swift; sourceTree = "<group>"; };
		162FF2801CE75B9D00939860 /* Info.plist */ = {isa = PBXFileReference; lastKnownFileType = text.plist.xml; path = Info.plist; sourceTree = "<group>"; };
		163376EA1D01F7CD00D56CB7 /* JumpListTableViewController.swift */ = {isa = PBXFileReference; fileEncoding = 4; lastKnownFileType = sourcecode.swift; path = JumpListTableViewController.swift; sourceTree = "<group>"; };
		163376EC1D0205EC00D56CB7 /* PickTimeViewController.swift */ = {isa = PBXFileReference; fileEncoding = 4; lastKnownFileType = sourcecode.swift; path = PickTimeViewController.swift; sourceTree = "<group>"; };
		163376EE1D021B4F00D56CB7 /* imperial-march.mp3 */ = {isa = PBXFileReference; lastKnownFileType = audio.mp3; path = "imperial-march.mp3"; sourceTree = "<group>"; };
		163376EF1D021B4F00D56CB7 /* may-the-force-be-with-you.mp3 */ = {isa = PBXFileReference; lastKnownFileType = audio.mp3; path = "may-the-force-be-with-you.mp3"; sourceTree = "<group>"; };
		1639A83D1D0458D500DA6F63 /* Playlist+CoreDataProperties.swift */ = {isa = PBXFileReference; fileEncoding = 4; lastKnownFileType = sourcecode.swift; path = "Playlist+CoreDataProperties.swift"; sourceTree = "<group>"; };
		164CC2421CECD6D70045FD77 /* PlaySlider.swift */ = {isa = PBXFileReference; fileEncoding = 4; lastKnownFileType = sourcecode.swift; path = PlaySlider.swift; sourceTree = "<group>"; };
		164F4E371D07386000995B74 /* LoopViewController.swift */ = {isa = PBXFileReference; fileEncoding = 4; lastKnownFileType = sourcecode.swift; path = LoopViewController.swift; sourceTree = "<group>"; };
		164F4E391D073C9300995B74 /* DrawMixins.swift */ = {isa = PBXFileReference; fileEncoding = 4; lastKnownFileType = sourcecode.swift; path = DrawMixins.swift; sourceTree = "<group>"; };
		165246A11D041CAC009F72A4 /* DataModel.xcdatamodel */ = {isa = PBXFileReference; lastKnownFileType = wrapper.xcdatamodel; path = DataModel.xcdatamodel; sourceTree = "<group>"; };
		165246A61D0427CB009F72A4 /* MediaItem.swift */ = {isa = PBXFileReference; fileEncoding = 4; lastKnownFileType = sourcecode.swift; path = MediaItem.swift; sourceTree = "<group>"; };
		165246A71D0427CB009F72A4 /* JumplistItem+CoreDataProperties.swift */ = {isa = PBXFileReference; fileEncoding = 4; lastKnownFileType = sourcecode.swift; path = "JumplistItem+CoreDataProperties.swift"; sourceTree = "<group>"; };
		165246A81D0427CB009F72A4 /* JumplistItem.swift */ = {isa = PBXFileReference; fileEncoding = 4; lastKnownFileType = sourcecode.swift; path = JumplistItem.swift; sourceTree = "<group>"; };
		165246AE1D043A81009F72A4 /* Playlist.swift */ = {isa = PBXFileReference; fileEncoding = 4; lastKnownFileType = sourcecode.swift; path = Playlist.swift; sourceTree = "<group>"; };
		165246F31D044E16009F72A4 /* MediaItem+CoreDataProperties.swift */ = {isa = PBXFileReference; fileEncoding = 4; lastKnownFileType = sourcecode.swift; path = "MediaItem+CoreDataProperties.swift"; sourceTree = "<group>"; };
		16628DF51D0303DA00E11FF9 /* MusicPlayerAudioFile.swift */ = {isa = PBXFileReference; fileEncoding = 4; lastKnownFileType = sourcecode.swift; path = MusicPlayerAudioFile.swift; sourceTree = "<group>"; };
		166FD58D1CFE1F8800632C1F /* PlaylistTableViewController.swift */ = {isa = PBXFileReference; fileEncoding = 4; lastKnownFileType = sourcecode.swift; path = PlaylistTableViewController.swift; sourceTree = "<group>"; };
		16C36FFD1CFF7691000D6DD3 /* DarkTabBarController.swift */ = {isa = PBXFileReference; fileEncoding = 4; lastKnownFileType = sourcecode.swift; path = DarkTabBarController.swift; sourceTree = "<group>"; };
		16E65E661CF632F4002849BD /* ShapeButton.swift */ = {isa = PBXFileReference; fileEncoding = 4; lastKnownFileType = sourcecode.swift; path = ShapeButton.swift; sourceTree = "<group>"; };
		16E997B21CFCD4EA00C6CC12 /* PitchTempoViewController.swift */ = {isa = PBXFileReference; fileEncoding = 4; lastKnownFileType = sourcecode.swift; path = PitchTempoViewController.swift; sourceTree = "<group>"; };
/* End PBXFileReference section */

/* Begin PBXFrameworksBuildPhase section */
		162FF2581CE75B9D00939860 /* Frameworks */ = {
			isa = PBXFrameworksBuildPhase;
			buildActionMask = 2147483647;
			files = (
				1628F7E01CE887C400637A83 /* AVFoundation.framework in Frameworks */,
			);
			runOnlyForDeploymentPostprocessing = 0;
		};
		162FF26C1CE75B9D00939860 /* Frameworks */ = {
			isa = PBXFrameworksBuildPhase;
			buildActionMask = 2147483647;
			files = (
			);
			runOnlyForDeploymentPostprocessing = 0;
		};
		162FF2771CE75B9D00939860 /* Frameworks */ = {
			isa = PBXFrameworksBuildPhase;
			buildActionMask = 2147483647;
			files = (
			);
			runOnlyForDeploymentPostprocessing = 0;
		};
/* End PBXFrameworksBuildPhase section */

/* Begin PBXGroup section */
		1628F7DC1CE882ED00637A83 /* test-files */ = {
			isa = PBXGroup;
			children = (
				163376EE1D021B4F00D56CB7 /* imperial-march.mp3 */,
				163376EF1D021B4F00D56CB7 /* may-the-force-be-with-you.mp3 */,
			);
			name = "test-files";
			sourceTree = "<group>";
		};
		162FF2521CE75B9D00939860 = {
			isa = PBXGroup;
			children = (
				1628F7DF1CE887C400637A83 /* AVFoundation.framework */,
				162FF25D1CE75B9D00939860 /* playback-project */,
				162FF2721CE75B9D00939860 /* playback-projectTests */,
				162FF27D1CE75B9D00939860 /* playback-projectUITests */,
				162FF25C1CE75B9D00939860 /* Products */,
			);
			sourceTree = "<group>";
		};
		162FF25C1CE75B9D00939860 /* Products */ = {
			isa = PBXGroup;
			children = (
				162FF25B1CE75B9D00939860 /* playback-project.app */,
				162FF26F1CE75B9D00939860 /* playback-projectTests.xctest */,
				162FF27A1CE75B9D00939860 /* playback-projectUITests.xctest */,
			);
			name = Products;
			sourceTree = "<group>";
		};
		162FF25D1CE75B9D00939860 /* playback-project */ = {
			isa = PBXGroup;
			children = (
				1628F7DC1CE882ED00637A83 /* test-files */,
				162FF25E1CE75B9D00939860 /* AppDelegate.swift */,
				162FF2601CE75B9D00939860 /* ViewController.swift */,
				162FF2621CE75B9D00939860 /* Main.storyboard */,
				16C36FFD1CFF7691000D6DD3 /* DarkTabBarController.swift */,
				166FD58D1CFE1F8800632C1F /* PlaylistTableViewController.swift */,
				16E997B21CFCD4EA00C6CC12 /* PitchTempoViewController.swift */,
				163376EA1D01F7CD00D56CB7 /* JumpListTableViewController.swift */,
				163376EC1D0205EC00D56CB7 /* PickTimeViewController.swift */,
				164F4E371D07386000995B74 /* LoopViewController.swift */,
				164CC2421CECD6D70045FD77 /* PlaySlider.swift */,
				161B26A61CE8BF9400EAD5FC /* SliderView.swift */,
				16E65E661CF632F4002849BD /* ShapeButton.swift */,
				1621BCC21D009E23005D0427 /* MusicPlayer.swift */,
				16628DF51D0303DA00E11FF9 /* MusicPlayerAudioFile.swift */,
				164F4E391D073C9300995B74 /* DrawMixins.swift */,
				162FF2651CE75B9D00939860 /* Assets.xcassets */,
				162FF2671CE75B9D00939860 /* LaunchScreen.storyboard */,
				162FF26A1CE75B9D00939860 /* Info.plist */,
				165246EE1D043CDF009F72A4 /* CoreData */,
			);
			path = "playback-project";
			sourceTree = "<group>";
		};
		162FF2721CE75B9D00939860 /* playback-projectTests */ = {
			isa = PBXGroup;
			children = (
				162FF2731CE75B9D00939860 /* playback_projectTests.swift */,
				162FF2751CE75B9D00939860 /* Info.plist */,
			);
			path = "playback-projectTests";
			sourceTree = "<group>";
		};
		162FF27D1CE75B9D00939860 /* playback-projectUITests */ = {
			isa = PBXGroup;
			children = (
				162FF27E1CE75B9D00939860 /* playback_projectUITests.swift */,
				162FF2801CE75B9D00939860 /* Info.plist */,
			);
			path = "playback-projectUITests";
			sourceTree = "<group>";
		};
		165246EE1D043CDF009F72A4 /* CoreData */ = {
			isa = PBXGroup;
			children = (
				165246A01D041CAC009F72A4 /* DataModel.xcdatamodeld */,
				165246F31D044E16009F72A4 /* MediaItem+CoreDataProperties.swift */,
				165246A61D0427CB009F72A4 /* MediaItem.swift */,
				165246A71D0427CB009F72A4 /* JumplistItem+CoreDataProperties.swift */,
				165246A81D0427CB009F72A4 /* JumplistItem.swift */,
				1639A83D1D0458D500DA6F63 /* Playlist+CoreDataProperties.swift */,
				165246AE1D043A81009F72A4 /* Playlist.swift */,
			);
			name = CoreData;
			sourceTree = "<group>";
		};
/* End PBXGroup section */

/* Begin PBXNativeTarget section */
		162FF25A1CE75B9D00939860 /* playback-project */ = {
			isa = PBXNativeTarget;
			buildConfigurationList = 162FF2831CE75B9D00939860 /* Build configuration list for PBXNativeTarget "playback-project" */;
			buildPhases = (
				162FF2571CE75B9D00939860 /* Sources */,
				162FF2581CE75B9D00939860 /* Frameworks */,
				162FF2591CE75B9D00939860 /* Resources */,
			);
			buildRules = (
			);
			dependencies = (
			);
			name = "playback-project";
			productName = "playback-project";
			productReference = 162FF25B1CE75B9D00939860 /* playback-project.app */;
			productType = "com.apple.product-type.application";
		};
		162FF26E1CE75B9D00939860 /* playback-projectTests */ = {
			isa = PBXNativeTarget;
			buildConfigurationList = 162FF2861CE75B9D00939860 /* Build configuration list for PBXNativeTarget "playback-projectTests" */;
			buildPhases = (
				162FF26B1CE75B9D00939860 /* Sources */,
				162FF26C1CE75B9D00939860 /* Frameworks */,
				162FF26D1CE75B9D00939860 /* Resources */,
			);
			buildRules = (
			);
			dependencies = (
				162FF2711CE75B9D00939860 /* PBXTargetDependency */,
			);
			name = "playback-projectTests";
			productName = "playback-projectTests";
			productReference = 162FF26F1CE75B9D00939860 /* playback-projectTests.xctest */;
			productType = "com.apple.product-type.bundle.unit-test";
		};
		162FF2791CE75B9D00939860 /* playback-projectUITests */ = {
			isa = PBXNativeTarget;
			buildConfigurationList = 162FF2891CE75B9D00939860 /* Build configuration list for PBXNativeTarget "playback-projectUITests" */;
			buildPhases = (
				162FF2761CE75B9D00939860 /* Sources */,
				162FF2771CE75B9D00939860 /* Frameworks */,
				162FF2781CE75B9D00939860 /* Resources */,
			);
			buildRules = (
			);
			dependencies = (
				162FF27C1CE75B9D00939860 /* PBXTargetDependency */,
			);
			name = "playback-projectUITests";
			productName = "playback-projectUITests";
			productReference = 162FF27A1CE75B9D00939860 /* playback-projectUITests.xctest */;
			productType = "com.apple.product-type.bundle.ui-testing";
		};
/* End PBXNativeTarget section */

/* Begin PBXProject section */
		162FF2531CE75B9D00939860 /* Project object */ = {
			isa = PBXProject;
			attributes = {
				LastSwiftUpdateCheck = 0730;
				LastUpgradeCheck = 0730;
				ORGANIZATIONNAME = "Jacob Parker";
				TargetAttributes = {
					162FF25A1CE75B9D00939860 = {
						CreatedOnToolsVersion = 7.3.1;
					};
					162FF26E1CE75B9D00939860 = {
						CreatedOnToolsVersion = 7.3.1;
						TestTargetID = 162FF25A1CE75B9D00939860;
					};
					162FF2791CE75B9D00939860 = {
						CreatedOnToolsVersion = 7.3.1;
						TestTargetID = 162FF25A1CE75B9D00939860;
					};
				};
			};
			buildConfigurationList = 162FF2561CE75B9D00939860 /* Build configuration list for PBXProject "playback-project" */;
			compatibilityVersion = "Xcode 3.2";
			developmentRegion = English;
			hasScannedForEncodings = 0;
			knownRegions = (
				en,
				Base,
			);
			mainGroup = 162FF2521CE75B9D00939860;
			productRefGroup = 162FF25C1CE75B9D00939860 /* Products */;
			projectDirPath = "";
			projectRoot = "";
			targets = (
				162FF25A1CE75B9D00939860 /* playback-project */,
				162FF26E1CE75B9D00939860 /* playback-projectTests */,
				162FF2791CE75B9D00939860 /* playback-projectUITests */,
			);
		};
/* End PBXProject section */

/* Begin PBXResourcesBuildPhase section */
		162FF2591CE75B9D00939860 /* Resources */ = {
			isa = PBXResourcesBuildPhase;
			buildActionMask = 2147483647;
			files = (
				162FF2691CE75B9D00939860 /* LaunchScreen.storyboard in Resources */,
				163376F01D021B4F00D56CB7 /* imperial-march.mp3 in Resources */,
				162FF2661CE75B9D00939860 /* Assets.xcassets in Resources */,
				162FF2641CE75B9D00939860 /* Main.storyboard in Resources */,
				163376F11D021B4F00D56CB7 /* may-the-force-be-with-you.mp3 in Resources */,
			);
			runOnlyForDeploymentPostprocessing = 0;
		};
		162FF26D1CE75B9D00939860 /* Resources */ = {
			isa = PBXResourcesBuildPhase;
			buildActionMask = 2147483647;
			files = (
			);
			runOnlyForDeploymentPostprocessing = 0;
		};
		162FF2781CE75B9D00939860 /* Resources */ = {
			isa = PBXResourcesBuildPhase;
			buildActionMask = 2147483647;
			files = (
			);
			runOnlyForDeploymentPostprocessing = 0;
		};
/* End PBXResourcesBuildPhase section */

/* Begin PBXSourcesBuildPhase section */
		162FF2571CE75B9D00939860 /* Sources */ = {
			isa = PBXSourcesBuildPhase;
			buildActionMask = 2147483647;
			files = (
				164CC2431CECD6D70045FD77 /* PlaySlider.swift in Sources */,
				16628DF61D0303DA00E11FF9 /* MusicPlayerAudioFile.swift in Sources */,
				165246AB1D0427CB009F72A4 /* JumplistItem+CoreDataProperties.swift in Sources */,
				165246AA1D0427CB009F72A4 /* MediaItem.swift in Sources */,
				163376EB1D01F7CD00D56CB7 /* JumpListTableViewController.swift in Sources */,
				16E65E671CF632F4002849BD /* ShapeButton.swift in Sources */,
				163376ED1D0205EC00D56CB7 /* PickTimeViewController.swift in Sources */,
				165246B01D043A81009F72A4 /* Playlist.swift in Sources */,
				1621BCC31D009E23005D0427 /* MusicPlayer.swift in Sources */,
				166FD58E1CFE1F8800632C1F /* PlaylistTableViewController.swift in Sources */,
				161B26A71CE8BF9500EAD5FC /* SliderView.swift in Sources */,
				16E997B31CFCD4EA00C6CC12 /* PitchTempoViewController.swift in Sources */,
				162FF2611CE75B9D00939860 /* ViewController.swift in Sources */,
				165246F41D044E16009F72A4 /* MediaItem+CoreDataProperties.swift in Sources */,
				1639A83E1D0458D500DA6F63 /* Playlist+CoreDataProperties.swift in Sources */,
				162FF25F1CE75B9D00939860 /* AppDelegate.swift in Sources */,
				164F4E381D07386000995B74 /* LoopViewController.swift in Sources */,
				165246AC1D0427CB009F72A4 /* JumplistItem.swift in Sources */,
				165246A21D041CAC009F72A4 /* DataModel.xcdatamodeld in Sources */,
				164F4E3A1D073C9300995B74 /* DrawMixins.swift in Sources */,
				16C36FFE1CFF7691000D6DD3 /* DarkTabBarController.swift in Sources */,
			);
			runOnlyForDeploymentPostprocessing = 0;
		};
		162FF26B1CE75B9D00939860 /* Sources */ = {
			isa = PBXSourcesBuildPhase;
			buildActionMask = 2147483647;
			files = (
				162FF2741CE75B9D00939860 /* playback_projectTests.swift in Sources */,
			);
			runOnlyForDeploymentPostprocessing = 0;
		};
		162FF2761CE75B9D00939860 /* Sources */ = {
			isa = PBXSourcesBuildPhase;
			buildActionMask = 2147483647;
			files = (
				162FF27F1CE75B9D00939860 /* playback_projectUITests.swift in Sources */,
			);
			runOnlyForDeploymentPostprocessing = 0;
		};
/* End PBXSourcesBuildPhase section */

/* Begin PBXTargetDependency section */
		162FF2711CE75B9D00939860 /* PBXTargetDependency */ = {
			isa = PBXTargetDependency;
			target = 162FF25A1CE75B9D00939860 /* playback-project */;
			targetProxy = 162FF2701CE75B9D00939860 /* PBXContainerItemProxy */;
		};
		162FF27C1CE75B9D00939860 /* PBXTargetDependency */ = {
			isa = PBXTargetDependency;
			target = 162FF25A1CE75B9D00939860 /* playback-project */;
			targetProxy = 162FF27B1CE75B9D00939860 /* PBXContainerItemProxy */;
		};
/* End PBXTargetDependency section */

/* Begin PBXVariantGroup section */
		162FF2621CE75B9D00939860 /* Main.storyboard */ = {
			isa = PBXVariantGroup;
			children = (
				162FF2631CE75B9D00939860 /* Base */,
			);
			name = Main.storyboard;
			sourceTree = "<group>";
		};
		162FF2671CE75B9D00939860 /* LaunchScreen.storyboard */ = {
			isa = PBXVariantGroup;
			children = (
				162FF2681CE75B9D00939860 /* Base */,
			);
			name = LaunchScreen.storyboard;
			sourceTree = "<group>";
		};
/* End PBXVariantGroup section */

/* Begin XCBuildConfiguration section */
		162FF2811CE75B9D00939860 /* Debug */ = {
			isa = XCBuildConfiguration;
			buildSettings = {
				ALWAYS_SEARCH_USER_PATHS = NO;
				CLANG_ANALYZER_NONNULL = YES;
				CLANG_CXX_LANGUAGE_STANDARD = "gnu++0x";
				CLANG_CXX_LIBRARY = "libc++";
				CLANG_ENABLE_MODULES = YES;
				CLANG_ENABLE_OBJC_ARC = YES;
				CLANG_WARN_BOOL_CONVERSION = YES;
				CLANG_WARN_CONSTANT_CONVERSION = YES;
				CLANG_WARN_DIRECT_OBJC_ISA_USAGE = YES_ERROR;
				CLANG_WARN_EMPTY_BODY = YES;
				CLANG_WARN_ENUM_CONVERSION = YES;
				CLANG_WARN_INT_CONVERSION = YES;
				CLANG_WARN_OBJC_ROOT_CLASS = YES_ERROR;
				CLANG_WARN_UNREACHABLE_CODE = YES;
				CLANG_WARN__DUPLICATE_METHOD_MATCH = YES;
				"CODE_SIGN_IDENTITY[sdk=iphoneos*]" = "iPhone Developer";
				COPY_PHASE_STRIP = NO;
				DEBUG_INFORMATION_FORMAT = dwarf;
				ENABLE_STRICT_OBJC_MSGSEND = YES;
				ENABLE_TESTABILITY = YES;
				GCC_C_LANGUAGE_STANDARD = gnu99;
				GCC_DYNAMIC_NO_PIC = NO;
				GCC_NO_COMMON_BLOCKS = YES;
				GCC_OPTIMIZATION_LEVEL = 0;
				GCC_PREPROCESSOR_DEFINITIONS = (
					"DEBUG=1",
					"$(inherited)",
				);
				GCC_WARN_64_TO_32_BIT_CONVERSION = YES;
				GCC_WARN_ABOUT_RETURN_TYPE = YES_ERROR;
				GCC_WARN_UNDECLARED_SELECTOR = YES;
				GCC_WARN_UNINITIALIZED_AUTOS = YES_AGGRESSIVE;
				GCC_WARN_UNUSED_FUNCTION = YES;
				GCC_WARN_UNUSED_VARIABLE = YES;
				IPHONEOS_DEPLOYMENT_TARGET = 9.3;
				MTL_ENABLE_DEBUG_INFO = YES;
				ONLY_ACTIVE_ARCH = YES;
				SDKROOT = iphoneos;
				SWIFT_OPTIMIZATION_LEVEL = "-Onone";
				TARGETED_DEVICE_FAMILY = "1,2";
			};
			name = Debug;
		};
		162FF2821CE75B9D00939860 /* Release */ = {
			isa = XCBuildConfiguration;
			buildSettings = {
				ALWAYS_SEARCH_USER_PATHS = NO;
				CLANG_ANALYZER_NONNULL = YES;
				CLANG_CXX_LANGUAGE_STANDARD = "gnu++0x";
				CLANG_CXX_LIBRARY = "libc++";
				CLANG_ENABLE_MODULES = YES;
				CLANG_ENABLE_OBJC_ARC = YES;
				CLANG_WARN_BOOL_CONVERSION = YES;
				CLANG_WARN_CONSTANT_CONVERSION = YES;
				CLANG_WARN_DIRECT_OBJC_ISA_USAGE = YES_ERROR;
				CLANG_WARN_EMPTY_BODY = YES;
				CLANG_WARN_ENUM_CONVERSION = YES;
				CLANG_WARN_INT_CONVERSION = YES;
				CLANG_WARN_OBJC_ROOT_CLASS = YES_ERROR;
				CLANG_WARN_UNREACHABLE_CODE = YES;
				CLANG_WARN__DUPLICATE_METHOD_MATCH = YES;
				"CODE_SIGN_IDENTITY[sdk=iphoneos*]" = "iPhone Developer";
				COPY_PHASE_STRIP = NO;
				DEBUG_INFORMATION_FORMAT = "dwarf-with-dsym";
				ENABLE_NS_ASSERTIONS = NO;
				ENABLE_STRICT_OBJC_MSGSEND = YES;
				GCC_C_LANGUAGE_STANDARD = gnu99;
				GCC_NO_COMMON_BLOCKS = YES;
				GCC_WARN_64_TO_32_BIT_CONVERSION = YES;
				GCC_WARN_ABOUT_RETURN_TYPE = YES_ERROR;
				GCC_WARN_UNDECLARED_SELECTOR = YES;
				GCC_WARN_UNINITIALIZED_AUTOS = YES_AGGRESSIVE;
				GCC_WARN_UNUSED_FUNCTION = YES;
				GCC_WARN_UNUSED_VARIABLE = YES;
				IPHONEOS_DEPLOYMENT_TARGET = 9.3;
				MTL_ENABLE_DEBUG_INFO = NO;
				SDKROOT = iphoneos;
				TARGETED_DEVICE_FAMILY = "1,2";
				VALIDATE_PRODUCT = YES;
			};
			name = Release;
		};
		162FF2841CE75B9D00939860 /* Debug */ = {
			isa = XCBuildConfiguration;
			buildSettings = {
				ASSETCATALOG_COMPILER_APPICON_NAME = AppIcon;
				INFOPLIST_FILE = "playback-project/Info.plist";
				LD_RUNPATH_SEARCH_PATHS = "$(inherited) @executable_path/Frameworks";
				PRODUCT_BUNDLE_IDENTIFIER = "jacob.playback-project";
				PRODUCT_NAME = "$(TARGET_NAME)";
			};
			name = Debug;
		};
		162FF2851CE75B9D00939860 /* Release */ = {
			isa = XCBuildConfiguration;
			buildSettings = {
				ASSETCATALOG_COMPILER_APPICON_NAME = AppIcon;
				INFOPLIST_FILE = "playback-project/Info.plist";
				LD_RUNPATH_SEARCH_PATHS = "$(inherited) @executable_path/Frameworks";
				PRODUCT_BUNDLE_IDENTIFIER = "jacob.playback-project";
				PRODUCT_NAME = "$(TARGET_NAME)";
			};
			name = Release;
		};
		162FF2871CE75B9D00939860 /* Debug */ = {
			isa = XCBuildConfiguration;
			buildSettings = {
				BUNDLE_LOADER = "$(TEST_HOST)";
				INFOPLIST_FILE = "playback-projectTests/Info.plist";
				LD_RUNPATH_SEARCH_PATHS = "$(inherited) @executable_path/Frameworks @loader_path/Frameworks";
				PRODUCT_BUNDLE_IDENTIFIER = "jacob.playback-projectTests";
				PRODUCT_NAME = "$(TARGET_NAME)";
				TEST_HOST = "$(BUILT_PRODUCTS_DIR)/playback-project.app/playback-project";
			};
			name = Debug;
		};
		162FF2881CE75B9D00939860 /* Release */ = {
			isa = XCBuildConfiguration;
			buildSettings = {
				BUNDLE_LOADER = "$(TEST_HOST)";
				INFOPLIST_FILE = "playback-projectTests/Info.plist";
				LD_RUNPATH_SEARCH_PATHS = "$(inherited) @executable_path/Frameworks @loader_path/Frameworks";
				PRODUCT_BUNDLE_IDENTIFIER = "jacob.playback-projectTests";
				PRODUCT_NAME = "$(TARGET_NAME)";
				TEST_HOST = "$(BUILT_PRODUCTS_DIR)/playback-project.app/playback-project";
			};
			name = Release;
		};
		162FF28A1CE75B9D00939860 /* Debug */ = {
			isa = XCBuildConfiguration;
			buildSettings = {
				INFOPLIST_FILE = "playback-projectUITests/Info.plist";
				LD_RUNPATH_SEARCH_PATHS = "$(inherited) @executable_path/Frameworks @loader_path/Frameworks";
				PRODUCT_BUNDLE_IDENTIFIER = "jacob.playback-projectUITests";
				PRODUCT_NAME = "$(TARGET_NAME)";
				TEST_TARGET_NAME = "playback-project";
			};
			name = Debug;
		};
		162FF28B1CE75B9D00939860 /* Release */ = {
			isa = XCBuildConfiguration;
			buildSettings = {
				INFOPLIST_FILE = "playback-projectUITests/Info.plist";
				LD_RUNPATH_SEARCH_PATHS = "$(inherited) @executable_path/Frameworks @loader_path/Frameworks";
				PRODUCT_BUNDLE_IDENTIFIER = "jacob.playback-projectUITests";
				PRODUCT_NAME = "$(TARGET_NAME)";
				TEST_TARGET_NAME = "playback-project";
			};
			name = Release;
		};
/* End XCBuildConfiguration section */

/* Begin XCConfigurationList section */
		162FF2561CE75B9D00939860 /* Build configuration list for PBXProject "playback-project" */ = {
			isa = XCConfigurationList;
			buildConfigurations = (
				162FF2811CE75B9D00939860 /* Debug */,
				162FF2821CE75B9D00939860 /* Release */,
			);
			defaultConfigurationIsVisible = 0;
			defaultConfigurationName = Release;
		};
		162FF2831CE75B9D00939860 /* Build configuration list for PBXNativeTarget "playback-project" */ = {
			isa = XCConfigurationList;
			buildConfigurations = (
				162FF2841CE75B9D00939860 /* Debug */,
				162FF2851CE75B9D00939860 /* Release */,
			);
			defaultConfigurationIsVisible = 0;
			defaultConfigurationName = Release;
		};
		162FF2861CE75B9D00939860 /* Build configuration list for PBXNativeTarget "playback-projectTests" */ = {
			isa = XCConfigurationList;
			buildConfigurations = (
				162FF2871CE75B9D00939860 /* Debug */,
				162FF2881CE75B9D00939860 /* Release */,
			);
			defaultConfigurationIsVisible = 0;
			defaultConfigurationName = Release;
		};
		162FF2891CE75B9D00939860 /* Build configuration list for PBXNativeTarget "playback-projectUITests" */ = {
			isa = XCConfigurationList;
			buildConfigurations = (
				162FF28A1CE75B9D00939860 /* Debug */,
				162FF28B1CE75B9D00939860 /* Release */,
			);
			defaultConfigurationIsVisible = 0;
			defaultConfigurationName = Release;
		};
/* End XCConfigurationList section */

/* Begin XCVersionGroup section */
		165246A01D041CAC009F72A4 /* DataModel.xcdatamodeld */ = {
			isa = XCVersionGroup;
			children = (
				165246A11D041CAC009F72A4 /* DataModel.xcdatamodel */,
			);
			currentVersion = 165246A11D041CAC009F72A4 /* DataModel.xcdatamodel */;
			path = DataModel.xcdatamodeld;
			sourceTree = "<group>";
			versionGroupType = wrapper.xcdatamodel;
		};
/* End XCVersionGroup section */
	};
	rootObject = 162FF2531CE75B9D00939860 /* Project object */;
}
